// !$*UTF8*$!
{
	archiveVersion = 1;
	classes = {
	};
	objectVersion = 56;
	objects = {

/* Begin PBXBuildFile section */
		5D4AD33D2CFC46D300ED0A28 /* Assets.xcassets in Resources */ = {isa = PBXBuildFile; fileRef = 5D4AD3312CFC46D300ED0A28 /* Assets.xcassets */; };
		5D4AD33F2CFC46D300ED0A28 /* LaunchScreen.storyboard in Resources */ = {isa = PBXBuildFile; fileRef = 5D4AD3342CFC46D300ED0A28 /* LaunchScreen.storyboard */; };
		5D4AD3402CFC46D300ED0A28 /* Main.storyboard in Resources */ = {isa = PBXBuildFile; fileRef = 5D4AD3372CFC46D300ED0A28 /* Main.storyboard */; };
		5D4AD3412CFC46D300ED0A28 /* AppDelegate.m in Sources */ = {isa = PBXBuildFile; fileRef = 5D4AD3302CFC46D300ED0A28 /* AppDelegate.m */; };
		5D4AD3422CFC46D300ED0A28 /* main.m in Sources */ = {isa = PBXBuildFile; fileRef = 5D4AD3352CFC46D300ED0A28 /* main.m */; };
		5D4AD3432CFC46D300ED0A28 /* SceneDelegate.m in Sources */ = {isa = PBXBuildFile; fileRef = 5D4AD3392CFC46D300ED0A28 /* SceneDelegate.m */; };
		5D4AD3442CFC46D300ED0A28 /* ViewController.m in Sources */ = {isa = PBXBuildFile; fileRef = 5D4AD33B2CFC46D300ED0A28 /* ViewController.m */; };
		5D4AD3472CFC46D700ED0A28 /* DemoTests.m in Sources */ = {isa = PBXBuildFile; fileRef = 5D4AD3452CFC46D700ED0A28 /* DemoTests.m */; };
		5D4AD34B2CFC46DA00ED0A28 /* DemoUITests.m in Sources */ = {isa = PBXBuildFile; fileRef = 5D4AD3482CFC46DA00ED0A28 /* DemoUITests.m */; };
		5D4AD34C2CFC46DA00ED0A28 /* DemoUITestsLaunchTests.m in Sources */ = {isa = PBXBuildFile; fileRef = 5D4AD3492CFC46DA00ED0A28 /* DemoUITestsLaunchTests.m */; };
		70BFC3A5209FB53F00350CD8 /* Pods_Demo_DemoUITests.framework in Frameworks */ = {isa = PBXBuildFile; fileRef = 81F2F9AF56338F018E68B24D /* Pods_Demo_DemoUITests.framework */; };
		8C97B7F71AFF7A05F4FAB27B /* Pods_Demo.framework in Frameworks */ = {isa = PBXBuildFile; fileRef = E9E2761609428D295FAF84E7 /* Pods_Demo.framework */; };
		9599B472DD7C29B580796DEC /* Pods_DemoTests.framework in Frameworks */ = {isa = PBXBuildFile; fileRef = 276DF1C49D2A592B2DBD6E03 /* Pods_DemoTests.framework */; };
/* End PBXBuildFile section */

/* Begin PBXContainerItemProxy section */
		5D4AD3122CFC462E00ED0A28 /* PBXContainerItemProxy */ = {
			isa = PBXContainerItemProxy;
			containerPortal = 5D4AD2EE2CFC462D00ED0A28 /* Project object */;
			proxyType = 1;
			remoteGlobalIDString = 5D4AD2F52CFC462D00ED0A28;
			remoteInfo = Demo;
		};
		5D4AD31C2CFC462E00ED0A28 /* PBXContainerItemProxy */ = {
			isa = PBXContainerItemProxy;
			containerPortal = 5D4AD2EE2CFC462D00ED0A28 /* Project object */;
			proxyType = 1;
			remoteGlobalIDString = 5D4AD2F52CFC462D00ED0A28;
			remoteInfo = Demo;
		};
/* End PBXContainerItemProxy section */

/* Begin PBXFileReference section */
		165E9417C0F844B9FBD80506 /* Pods-Demo-DemoUITests.release.xcconfig */ = {isa = PBXFileReference; includeInIndex = 1; lastKnownFileType = text.xcconfig; name = "Pods-Demo-DemoUITests.release.xcconfig"; path = "Target Support Files/Pods-Demo-DemoUITests/Pods-Demo-DemoUITests.release.xcconfig"; sourceTree = "<group>"; };
		276DF1C49D2A592B2DBD6E03 /* Pods_DemoTests.framework */ = {isa = PBXFileReference; explicitFileType = wrapper.framework; includeInIndex = 0; path = Pods_DemoTests.framework; sourceTree = BUILT_PRODUCTS_DIR; };
		28E5E2EF40D3FCDBB5045A32 /* Pods-Demo-DemoUITests.debug.xcconfig */ = {isa = PBXFileReference; includeInIndex = 1; lastKnownFileType = text.xcconfig; name = "Pods-Demo-DemoUITests.debug.xcconfig"; path = "Target Support Files/Pods-Demo-DemoUITests/Pods-Demo-DemoUITests.debug.xcconfig"; sourceTree = "<group>"; };
		5D4AD2F62CFC462D00ED0A28 /* Demo.app */ = {isa = PBXFileReference; explicitFileType = wrapper.application; includeInIndex = 0; path = Demo.app; sourceTree = BUILT_PRODUCTS_DIR; };
		5D4AD3112CFC462E00ED0A28 /* DemoTests.xctest */ = {isa = PBXFileReference; explicitFileType = wrapper.cfbundle; includeInIndex = 0; path = DemoTests.xctest; sourceTree = BUILT_PRODUCTS_DIR; };
		5D4AD31B2CFC462E00ED0A28 /* DemoUITests.xctest */ = {isa = PBXFileReference; explicitFileType = wrapper.cfbundle; includeInIndex = 0; path = DemoUITests.xctest; sourceTree = BUILT_PRODUCTS_DIR; };
		5D4AD32F2CFC46D300ED0A28 /* AppDelegate.h */ = {isa = PBXFileReference; lastKnownFileType = sourcecode.c.h; path = AppDelegate.h; sourceTree = "<group>"; };
		5D4AD3302CFC46D300ED0A28 /* AppDelegate.m */ = {isa = PBXFileReference; lastKnownFileType = sourcecode.c.objc; path = AppDelegate.m; sourceTree = "<group>"; };
		5D4AD3312CFC46D300ED0A28 /* Assets.xcassets */ = {isa = PBXFileReference; lastKnownFileType = folder.assetcatalog; path = Assets.xcassets; sourceTree = "<group>"; };
		5D4AD3322CFC46D300ED0A28 /* Info.plist */ = {isa = PBXFileReference; lastKnownFileType = text.plist.xml; path = Info.plist; sourceTree = "<group>"; };
		5D4AD3332CFC46D300ED0A28 /* Base */ = {isa = PBXFileReference; lastKnownFileType = file.storyboard; name = Base; path = Base.lproj/LaunchScreen.storyboard; sourceTree = "<group>"; };
		5D4AD3352CFC46D300ED0A28 /* main.m */ = {isa = PBXFileReference; lastKnownFileType = sourcecode.c.objc; path = main.m; sourceTree = "<group>"; };
		5D4AD3362CFC46D300ED0A28 /* Base */ = {isa = PBXFileReference; lastKnownFileType = file.storyboard; name = Base; path = Base.lproj/Main.storyboard; sourceTree = "<group>"; };
		5D4AD3382CFC46D300ED0A28 /* SceneDelegate.h */ = {isa = PBXFileReference; lastKnownFileType = sourcecode.c.h; path = SceneDelegate.h; sourceTree = "<group>"; };
		5D4AD3392CFC46D300ED0A28 /* SceneDelegate.m */ = {isa = PBXFileReference; lastKnownFileType = sourcecode.c.objc; path = SceneDelegate.m; sourceTree = "<group>"; };
		5D4AD33A2CFC46D300ED0A28 /* ViewController.h */ = {isa = PBXFileReference; lastKnownFileType = sourcecode.c.h; path = ViewController.h; sourceTree = "<group>"; };
		5D4AD33B2CFC46D300ED0A28 /* ViewController.m */ = {isa = PBXFileReference; lastKnownFileType = sourcecode.c.objc; path = ViewController.m; sourceTree = "<group>"; };
		5D4AD3452CFC46D700ED0A28 /* DemoTests.m */ = {isa = PBXFileReference; lastKnownFileType = sourcecode.c.objc; path = DemoTests.m; sourceTree = "<group>"; };
		5D4AD3482CFC46DA00ED0A28 /* DemoUITests.m */ = {isa = PBXFileReference; lastKnownFileType = sourcecode.c.objc; path = DemoUITests.m; sourceTree = "<group>"; };
		5D4AD3492CFC46DA00ED0A28 /* DemoUITestsLaunchTests.m */ = {isa = PBXFileReference; lastKnownFileType = sourcecode.c.objc; path = DemoUITestsLaunchTests.m; sourceTree = "<group>"; };
		81F2F9AF56338F018E68B24D /* Pods_Demo_DemoUITests.framework */ = {isa = PBXFileReference; explicitFileType = wrapper.framework; includeInIndex = 0; path = Pods_Demo_DemoUITests.framework; sourceTree = BUILT_PRODUCTS_DIR; };
		970B70406B3AF6AF36E4DA81 /* Pods-Demo.debug.xcconfig */ = {isa = PBXFileReference; includeInIndex = 1; lastKnownFileType = text.xcconfig; name = "Pods-Demo.debug.xcconfig"; path = "Target Support Files/Pods-Demo/Pods-Demo.debug.xcconfig"; sourceTree = "<group>"; };
		9DE013984A71E0EA3E06AB78 /* Pods-Demo.release.xcconfig */ = {isa = PBXFileReference; includeInIndex = 1; lastKnownFileType = text.xcconfig; name = "Pods-Demo.release.xcconfig"; path = "Target Support Files/Pods-Demo/Pods-Demo.release.xcconfig"; sourceTree = "<group>"; };
		E2942E278370BCB1101261E4 /* Pods-DemoTests.debug.xcconfig */ = {isa = PBXFileReference; includeInIndex = 1; lastKnownFileType = text.xcconfig; name = "Pods-DemoTests.debug.xcconfig"; path = "Target Support Files/Pods-DemoTests/Pods-DemoTests.debug.xcconfig"; sourceTree = "<group>"; };
		E9E2761609428D295FAF84E7 /* Pods_Demo.framework */ = {isa = PBXFileReference; explicitFileType = wrapper.framework; includeInIndex = 0; path = Pods_Demo.framework; sourceTree = BUILT_PRODUCTS_DIR; };
		F02ADDE0E5A4EE9BDF6C065F /* Pods-DemoTests.release.xcconfig */ = {isa = PBXFileReference; includeInIndex = 1; lastKnownFileType = text.xcconfig; name = "Pods-DemoTests.release.xcconfig"; path = "Target Support Files/Pods-DemoTests/Pods-DemoTests.release.xcconfig"; sourceTree = "<group>"; };
/* End PBXFileReference section */

/* Begin PBXFrameworksBuildPhase section */
		5D4AD2F32CFC462D00ED0A28 /* Frameworks */ = {
			isa = PBXFrameworksBuildPhase;
			buildActionMask = 2147483647;
			files = (
				8C97B7F71AFF7A05F4FAB27B /* Pods_Demo.framework in Frameworks */,
			);
			runOnlyForDeploymentPostprocessing = 0;
		};
		5D4AD30E2CFC462E00ED0A28 /* Frameworks */ = {
			isa = PBXFrameworksBuildPhase;
			buildActionMask = 2147483647;
			files = (
				9599B472DD7C29B580796DEC /* Pods_DemoTests.framework in Frameworks */,
			);
			runOnlyForDeploymentPostprocessing = 0;
		};
		5D4AD3182CFC462E00ED0A28 /* Frameworks */ = {
			isa = PBXFrameworksBuildPhase;
			buildActionMask = 2147483647;
			files = (
				70BFC3A5209FB53F00350CD8 /* Pods_Demo_DemoUITests.framework in Frameworks */,
			);
			runOnlyForDeploymentPostprocessing = 0;
		};
/* End PBXFrameworksBuildPhase section */

/* Begin PBXGroup section */
		482DC52F447A3921BF8243E7 /* Frameworks */ = {
			isa = PBXGroup;
			children = (
				E9E2761609428D295FAF84E7 /* Pods_Demo.framework */,
				81F2F9AF56338F018E68B24D /* Pods_Demo_DemoUITests.framework */,
				276DF1C49D2A592B2DBD6E03 /* Pods_DemoTests.framework */,
			);
			name = Frameworks;
			sourceTree = "<group>";
		};
		5D4AD2ED2CFC462D00ED0A28 = {
			isa = PBXGroup;
			children = (
				5D4AD33C2CFC46D300ED0A28 /* Demo */,
				5D4AD3462CFC46D700ED0A28 /* DemoTests */,
				5D4AD34A2CFC46DA00ED0A28 /* DemoUITests */,
				5D4AD2F72CFC462D00ED0A28 /* Products */,
				A4733F89CBD6B8F9D5A5759C /* Pods */,
				482DC52F447A3921BF8243E7 /* Frameworks */,
			);
			sourceTree = "<group>";
		};
		5D4AD2F72CFC462D00ED0A28 /* Products */ = {
			isa = PBXGroup;
			children = (
				5D4AD2F62CFC462D00ED0A28 /* Demo.app */,
				5D4AD3112CFC462E00ED0A28 /* DemoTests.xctest */,
				5D4AD31B2CFC462E00ED0A28 /* DemoUITests.xctest */,
			);
			name = Products;
			sourceTree = "<group>";
		};
		5D4AD33C2CFC46D300ED0A28 /* Demo */ = {
			isa = PBXGroup;
			children = (
				5D4AD32F2CFC46D300ED0A28 /* AppDelegate.h */,
				5D4AD3302CFC46D300ED0A28 /* AppDelegate.m */,
				5D4AD3312CFC46D300ED0A28 /* Assets.xcassets */,
				5D4AD3322CFC46D300ED0A28 /* Info.plist */,
				5D4AD3342CFC46D300ED0A28 /* LaunchScreen.storyboard */,
				5D4AD3352CFC46D300ED0A28 /* main.m */,
				5D4AD3372CFC46D300ED0A28 /* Main.storyboard */,
				5D4AD3382CFC46D300ED0A28 /* SceneDelegate.h */,
				5D4AD3392CFC46D300ED0A28 /* SceneDelegate.m */,
				5D4AD33A2CFC46D300ED0A28 /* ViewController.h */,
				5D4AD33B2CFC46D300ED0A28 /* ViewController.m */,
			);
			path = Demo;
			sourceTree = "<group>";
		};
		5D4AD3462CFC46D700ED0A28 /* DemoTests */ = {
			isa = PBXGroup;
			children = (
				5D4AD3452CFC46D700ED0A28 /* DemoTests.m */,
			);
			path = DemoTests;
			sourceTree = "<group>";
		};
		5D4AD34A2CFC46DA00ED0A28 /* DemoUITests */ = {
			isa = PBXGroup;
			children = (
				5D4AD3482CFC46DA00ED0A28 /* DemoUITests.m */,
				5D4AD3492CFC46DA00ED0A28 /* DemoUITestsLaunchTests.m */,
			);
			path = DemoUITests;
			sourceTree = "<group>";
		};
		A4733F89CBD6B8F9D5A5759C /* Pods */ = {
			isa = PBXGroup;
			children = (
				970B70406B3AF6AF36E4DA81 /* Pods-Demo.debug.xcconfig */,
				9DE013984A71E0EA3E06AB78 /* Pods-Demo.release.xcconfig */,
				28E5E2EF40D3FCDBB5045A32 /* Pods-Demo-DemoUITests.debug.xcconfig */,
				165E9417C0F844B9FBD80506 /* Pods-Demo-DemoUITests.release.xcconfig */,
				E2942E278370BCB1101261E4 /* Pods-DemoTests.debug.xcconfig */,
				F02ADDE0E5A4EE9BDF6C065F /* Pods-DemoTests.release.xcconfig */,
			);
			path = Pods;
			sourceTree = "<group>";
		};
/* End PBXGroup section */

/* Begin PBXNativeTarget section */
		5D4AD2F52CFC462D00ED0A28 /* Demo */ = {
			isa = PBXNativeTarget;
			buildConfigurationList = 5D4AD3242CFC462E00ED0A28 /* Build configuration list for PBXNativeTarget "Demo" */;
			buildPhases = (
				C5E2330AF4870D17B2FCB7CB /* [CP] Check Pods Manifest.lock */,
				5D4AD2F22CFC462D00ED0A28 /* Sources */,
				5D4AD2F32CFC462D00ED0A28 /* Frameworks */,
				5D4AD2F42CFC462D00ED0A28 /* Resources */,
			);
			buildRules = (
			);
			dependencies = (
			);
			name = Demo;
			productName = Demo;
			productReference = 5D4AD2F62CFC462D00ED0A28 /* Demo.app */;
			productType = "com.apple.product-type.application";
		};
		5D4AD3102CFC462E00ED0A28 /* DemoTests */ = {
			isa = PBXNativeTarget;
			buildConfigurationList = 5D4AD3292CFC462E00ED0A28 /* Build configuration list for PBXNativeTarget "DemoTests" */;
			buildPhases = (
				D3E4242137A3D351BDF64AA6 /* [CP] Check Pods Manifest.lock */,
				5D4AD30D2CFC462E00ED0A28 /* Sources */,
				5D4AD30E2CFC462E00ED0A28 /* Frameworks */,
				5D4AD30F2CFC462E00ED0A28 /* Resources */,
			);
			buildRules = (
			);
			dependencies = (
				5D4AD3132CFC462E00ED0A28 /* PBXTargetDependency */,
			);
			name = DemoTests;
			productName = DemoTests;
			productReference = 5D4AD3112CFC462E00ED0A28 /* DemoTests.xctest */;
			productType = "com.apple.product-type.bundle.unit-test";
		};
		5D4AD31A2CFC462E00ED0A28 /* DemoUITests */ = {
			isa = PBXNativeTarget;
			buildConfigurationList = 5D4AD32C2CFC462E00ED0A28 /* Build configuration list for PBXNativeTarget "DemoUITests" */;
			buildPhases = (
				B7E98F5CEE0AEC5260D085A9 /* [CP] Check Pods Manifest.lock */,
				5D4AD3172CFC462E00ED0A28 /* Sources */,
				5D4AD3182CFC462E00ED0A28 /* Frameworks */,
				5D4AD3192CFC462E00ED0A28 /* Resources */,
			);
			buildRules = (
			);
			dependencies = (
				5D4AD31D2CFC462E00ED0A28 /* PBXTargetDependency */,
			);
			name = DemoUITests;
			productName = DemoUITests;
			productReference = 5D4AD31B2CFC462E00ED0A28 /* DemoUITests.xctest */;
			productType = "com.apple.product-type.bundle.ui-testing";
		};
/* End PBXNativeTarget section */

/* Begin PBXProject section */
		5D4AD2EE2CFC462D00ED0A28 /* Project object */ = {
			isa = PBXProject;
			attributes = {
				BuildIndependentTargetsInParallel = 1;
				LastUpgradeCheck = 1610;
				TargetAttributes = {
					5D4AD2F52CFC462D00ED0A28 = {
						CreatedOnToolsVersion = 16.1;
					};
					5D4AD3102CFC462E00ED0A28 = {
						CreatedOnToolsVersion = 16.1;
						TestTargetID = 5D4AD2F52CFC462D00ED0A28;
					};
					5D4AD31A2CFC462E00ED0A28 = {
						CreatedOnToolsVersion = 16.1;
						TestTargetID = 5D4AD2F52CFC462D00ED0A28;
					};
				};
			};
			buildConfigurationList = 5D4AD2F12CFC462D00ED0A28 /* Build configuration list for PBXProject "Demo" */;
			compatibilityVersion = "Xcode 14.0";
			developmentRegion = en;
			hasScannedForEncodings = 0;
			knownRegions = (
				en,
				Base,
			);
			mainGroup = 5D4AD2ED2CFC462D00ED0A28;
			productRefGroup = 5D4AD2F72CFC462D00ED0A28 /* Products */;
			projectDirPath = "";
			projectRoot = "";
			targets = (
				5D4AD2F52CFC462D00ED0A28 /* Demo */,
				5D4AD3102CFC462E00ED0A28 /* DemoTests */,
				5D4AD31A2CFC462E00ED0A28 /* DemoUITests */,
			);
		};
/* End PBXProject section */

/* Begin PBXResourcesBuildPhase section */
		5D4AD2F42CFC462D00ED0A28 /* Resources */ = {
			isa = PBXResourcesBuildPhase;
			buildActionMask = 2147483647;
			files = (
				5D4AD33D2CFC46D300ED0A28 /* Assets.xcassets in Resources */,
				5D4AD33F2CFC46D300ED0A28 /* LaunchScreen.storyboard in Resources */,
				5D4AD3402CFC46D300ED0A28 /* Main.storyboard in Resources */,
			);
			runOnlyForDeploymentPostprocessing = 0;
		};
		5D4AD30F2CFC462E00ED0A28 /* Resources */ = {
			isa = PBXResourcesBuildPhase;
			buildActionMask = 2147483647;
			files = (
			);
			runOnlyForDeploymentPostprocessing = 0;
		};
		5D4AD3192CFC462E00ED0A28 /* Resources */ = {
			isa = PBXResourcesBuildPhase;
			buildActionMask = 2147483647;
			files = (
			);
			runOnlyForDeploymentPostprocessing = 0;
		};
/* End PBXResourcesBuildPhase section */

/* Begin PBXShellScriptBuildPhase section */
		B7E98F5CEE0AEC5260D085A9 /* [CP] Check Pods Manifest.lock */ = {
			isa = PBXShellScriptBuildPhase;
			buildActionMask = 2147483647;
			files = (
			);
			inputFileListPaths = (
			);
			inputPaths = (
				"${PODS_PODFILE_DIR_PATH}/Podfile.lock",
				"${PODS_ROOT}/Manifest.lock",
			);
			name = "[CP] Check Pods Manifest.lock";
			outputFileListPaths = (
			);
			outputPaths = (
				"$(DERIVED_FILE_DIR)/Pods-Demo-DemoUITests-checkManifestLockResult.txt",
			);
			runOnlyForDeploymentPostprocessing = 0;
			shellPath = /bin/sh;
			shellScript = "diff \"${PODS_PODFILE_DIR_PATH}/Podfile.lock\" \"${PODS_ROOT}/Manifest.lock\" > /dev/null\nif [ $? != 0 ] ; then\n    # print error to STDERR\n    echo \"error: The sandbox is not in sync with the Podfile.lock. Run 'pod install' or update your CocoaPods installation.\" >&2\n    exit 1\nfi\n# This output is used by Xcode 'outputs' to avoid re-running this script phase.\necho \"SUCCESS\" > \"${SCRIPT_OUTPUT_FILE_0}\"\n";
			showEnvVarsInLog = 0;
		};
		C5E2330AF4870D17B2FCB7CB /* [CP] Check Pods Manifest.lock */ = {
			isa = PBXShellScriptBuildPhase;
			buildActionMask = 2147483647;
			files = (
			);
			inputFileListPaths = (
			);
			inputPaths = (
				"${PODS_PODFILE_DIR_PATH}/Podfile.lock",
				"${PODS_ROOT}/Manifest.lock",
			);
			name = "[CP] Check Pods Manifest.lock";
			outputFileListPaths = (
			);
			outputPaths = (
				"$(DERIVED_FILE_DIR)/Pods-Demo-checkManifestLockResult.txt",
			);
			runOnlyForDeploymentPostprocessing = 0;
			shellPath = /bin/sh;
			shellScript = "diff \"${PODS_PODFILE_DIR_PATH}/Podfile.lock\" \"${PODS_ROOT}/Manifest.lock\" > /dev/null\nif [ $? != 0 ] ; then\n    # print error to STDERR\n    echo \"error: The sandbox is not in sync with the Podfile.lock. Run 'pod install' or update your CocoaPods installation.\" >&2\n    exit 1\nfi\n# This output is used by Xcode 'outputs' to avoid re-running this script phase.\necho \"SUCCESS\" > \"${SCRIPT_OUTPUT_FILE_0}\"\n";
			showEnvVarsInLog = 0;
		};
		D3E4242137A3D351BDF64AA6 /* [CP] Check Pods Manifest.lock */ = {
			isa = PBXShellScriptBuildPhase;
			buildActionMask = 2147483647;
			files = (
			);
			inputFileListPaths = (
			);
			inputPaths = (
				"${PODS_PODFILE_DIR_PATH}/Podfile.lock",
				"${PODS_ROOT}/Manifest.lock",
			);
			name = "[CP] Check Pods Manifest.lock";
			outputFileListPaths = (
			);
			outputPaths = (
				"$(DERIVED_FILE_DIR)/Pods-DemoTests-checkManifestLockResult.txt",
			);
			runOnlyForDeploymentPostprocessing = 0;
			shellPath = /bin/sh;
			shellScript = "diff \"${PODS_PODFILE_DIR_PATH}/Podfile.lock\" \"${PODS_ROOT}/Manifest.lock\" > /dev/null\nif [ $? != 0 ] ; then\n    # print error to STDERR\n    echo \"error: The sandbox is not in sync with the Podfile.lock. Run 'pod install' or update your CocoaPods installation.\" >&2\n    exit 1\nfi\n# This output is used by Xcode 'outputs' to avoid re-running this script phase.\necho \"SUCCESS\" > \"${SCRIPT_OUTPUT_FILE_0}\"\n";
			showEnvVarsInLog = 0;
		};
/* End PBXShellScriptBuildPhase section */

/* Begin PBXSourcesBuildPhase section */
		5D4AD2F22CFC462D00ED0A28 /* Sources */ = {
			isa = PBXSourcesBuildPhase;
			buildActionMask = 2147483647;
			files = (
				5D4AD3412CFC46D300ED0A28 /* AppDelegate.m in Sources */,
				5D4AD3422CFC46D300ED0A28 /* main.m in Sources */,
				5D4AD3432CFC46D300ED0A28 /* SceneDelegate.m in Sources */,
				5D4AD3442CFC46D300ED0A28 /* ViewController.m in Sources */,
			);
			runOnlyForDeploymentPostprocessing = 0;
		};
		5D4AD30D2CFC462E00ED0A28 /* Sources */ = {
			isa = PBXSourcesBuildPhase;
			buildActionMask = 2147483647;
			files = (
				5D4AD3472CFC46D700ED0A28 /* DemoTests.m in Sources */,
			);
			runOnlyForDeploymentPostprocessing = 0;
		};
		5D4AD3172CFC462E00ED0A28 /* Sources */ = {
			isa = PBXSourcesBuildPhase;
			buildActionMask = 2147483647;
			files = (
				5D4AD34B2CFC46DA00ED0A28 /* DemoUITests.m in Sources */,
				5D4AD34C2CFC46DA00ED0A28 /* DemoUITestsLaunchTests.m in Sources */,
			);
			runOnlyForDeploymentPostprocessing = 0;
		};
/* End PBXSourcesBuildPhase section */

/* Begin PBXTargetDependency section */
		5D4AD3132CFC462E00ED0A28 /* PBXTargetDependency */ = {
			isa = PBXTargetDependency;
			target = 5D4AD2F52CFC462D00ED0A28 /* Demo */;
			targetProxy = 5D4AD3122CFC462E00ED0A28 /* PBXContainerItemProxy */;
		};
		5D4AD31D2CFC462E00ED0A28 /* PBXTargetDependency */ = {
			isa = PBXTargetDependency;
			target = 5D4AD2F52CFC462D00ED0A28 /* Demo */;
			targetProxy = 5D4AD31C2CFC462E00ED0A28 /* PBXContainerItemProxy */;
		};
/* End PBXTargetDependency section */

/* Begin PBXVariantGroup section */
		5D4AD3342CFC46D300ED0A28 /* LaunchScreen.storyboard */ = {
			isa = PBXVariantGroup;
			children = (
				5D4AD3332CFC46D300ED0A28 /* Base */,
			);
			name = LaunchScreen.storyboard;
			sourceTree = "<group>";
		};
		5D4AD3372CFC46D300ED0A28 /* Main.storyboard */ = {
			isa = PBXVariantGroup;
			children = (
				5D4AD3362CFC46D300ED0A28 /* Base */,
			);
			name = Main.storyboard;
			sourceTree = "<group>";
		};
/* End PBXVariantGroup section */

/* Begin XCBuildConfiguration section */
		5D4AD3252CFC462E00ED0A28 /* Debug */ = {
			isa = XCBuildConfiguration;
			baseConfigurationReference = 970B70406B3AF6AF36E4DA81 /* Pods-Demo.debug.xcconfig */;
			buildSettings = {
				ASSETCATALOG_COMPILER_APPICON_NAME = AppIcon;
				ASSETCATALOG_COMPILER_GLOBAL_ACCENT_COLOR_NAME = AccentColor;
				CODE_SIGN_STYLE = Manual;
				CURRENT_PROJECT_VERSION = 1;
				DEVELOPMENT_TEAM = "";
				GENERATE_INFOPLIST_FILE = YES;
				INFOPLIST_FILE = Demo/Info.plist;
				INFOPLIST_KEY_UIApplicationSupportsIndirectInputEvents = YES;
				INFOPLIST_KEY_UILaunchStoryboardName = LaunchScreen;
				INFOPLIST_KEY_UIMainStoryboardFile = Main;
				INFOPLIST_KEY_UISupportedInterfaceOrientations_iPad = "UIInterfaceOrientationPortrait UIInterfaceOrientationPortraitUpsideDown UIInterfaceOrientationLandscapeLeft UIInterfaceOrientationLandscapeRight";
				INFOPLIST_KEY_UISupportedInterfaceOrientations_iPhone = "UIInterfaceOrientationPortrait UIInterfaceOrientationLandscapeLeft UIInterfaceOrientationLandscapeRight";
				IPHONEOS_DEPLOYMENT_TARGET = 15.0;
				LD_RUNPATH_SEARCH_PATHS = (
					"$(inherited)",
					"@executable_path/Frameworks",
				);
				MARKETING_VERSION = 1.0;
				PRODUCT_BUNDLE_IDENTIFIER = com.devzeng.Demo;
				PRODUCT_NAME = "$(TARGET_NAME)";
				PROVISIONING_PROFILE_SPECIFIER = "";
				SWIFT_EMIT_LOC_STRINGS = YES;
				TARGETED_DEVICE_FAMILY = "1,2";
			};
			name = Debug;
		};
		5D4AD3262CFC462E00ED0A28 /* Release */ = {
			isa = XCBuildConfiguration;
			baseConfigurationReference = 9DE013984A71E0EA3E06AB78 /* Pods-Demo.release.xcconfig */;
			buildSettings = {
				ASSETCATALOG_COMPILER_APPICON_NAME = AppIcon;
				ASSETCATALOG_COMPILER_GLOBAL_ACCENT_COLOR_NAME = AccentColor;
				CODE_SIGN_STYLE = Manual;
				CURRENT_PROJECT_VERSION = 1;
				DEVELOPMENT_TEAM = "";
				GENERATE_INFOPLIST_FILE = YES;
				INFOPLIST_FILE = Demo/Info.plist;
				INFOPLIST_KEY_UIApplicationSupportsIndirectInputEvents = YES;
				INFOPLIST_KEY_UILaunchStoryboardName = LaunchScreen;
				INFOPLIST_KEY_UIMainStoryboardFile = Main;
				INFOPLIST_KEY_UISupportedInterfaceOrientations_iPad = "UIInterfaceOrientationPortrait UIInterfaceOrientationPortraitUpsideDown UIInterfaceOrientationLandscapeLeft UIInterfaceOrientationLandscapeRight";
				INFOPLIST_KEY_UISupportedInterfaceOrientations_iPhone = "UIInterfaceOrientationPortrait UIInterfaceOrientationLandscapeLeft UIInterfaceOrientationLandscapeRight";
				IPHONEOS_DEPLOYMENT_TARGET = 15.0;
				LD_RUNPATH_SEARCH_PATHS = (
					"$(inherited)",
					"@executable_path/Frameworks",
				);
				MARKETING_VERSION = 1.0;
				PRODUCT_BUNDLE_IDENTIFIER = com.devzeng.Demo;
				PRODUCT_NAME = "$(TARGET_NAME)";
				PROVISIONING_PROFILE_SPECIFIER = "";
				SWIFT_EMIT_LOC_STRINGS = YES;
				TARGETED_DEVICE_FAMILY = "1,2";
			};
			name = Release;
		};
		5D4AD3272CFC462E00ED0A28 /* Debug */ = {
			isa = XCBuildConfiguration;
			buildSettings = {
				ALWAYS_SEARCH_USER_PATHS = NO;
				ASSETCATALOG_COMPILER_GENERATE_SWIFT_ASSET_SYMBOL_EXTENSIONS = YES;
				CLANG_ANALYZER_NONNULL = YES;
				CLANG_ANALYZER_NUMBER_OBJECT_CONVERSION = YES_AGGRESSIVE;
				CLANG_CXX_LANGUAGE_STANDARD = "gnu++20";
				CLANG_ENABLE_MODULES = YES;
				CLANG_ENABLE_OBJC_ARC = YES;
				CLANG_ENABLE_OBJC_WEAK = YES;
				CLANG_WARN_BLOCK_CAPTURE_AUTORELEASING = YES;
				CLANG_WARN_BOOL_CONVERSION = YES;
				CLANG_WARN_COMMA = YES;
				CLANG_WARN_CONSTANT_CONVERSION = YES;
				CLANG_WARN_DEPRECATED_OBJC_IMPLEMENTATIONS = YES;
				CLANG_WARN_DIRECT_OBJC_ISA_USAGE = YES_ERROR;
				CLANG_WARN_DOCUMENTATION_COMMENTS = YES;
				CLANG_WARN_EMPTY_BODY = YES;
				CLANG_WARN_ENUM_CONVERSION = YES;
				CLANG_WARN_INFINITE_RECURSION = YES;
				CLANG_WARN_INT_CONVERSION = YES;
				CLANG_WARN_NON_LITERAL_NULL_CONVERSION = YES;
				CLANG_WARN_OBJC_IMPLICIT_RETAIN_SELF = YES;
				CLANG_WARN_OBJC_LITERAL_CONVERSION = YES;
				CLANG_WARN_OBJC_ROOT_CLASS = YES_ERROR;
				CLANG_WARN_QUOTED_INCLUDE_IN_FRAMEWORK_HEADER = YES;
				CLANG_WARN_RANGE_LOOP_ANALYSIS = YES;
				CLANG_WARN_STRICT_PROTOTYPES = YES;
				CLANG_WARN_SUSPICIOUS_MOVE = YES;
				CLANG_WARN_UNGUARDED_AVAILABILITY = YES_AGGRESSIVE;
				CLANG_WARN_UNREACHABLE_CODE = YES;
				CLANG_WARN__DUPLICATE_METHOD_MATCH = YES;
				COPY_PHASE_STRIP = NO;
				DEBUG_INFORMATION_FORMAT = dwarf;
				ENABLE_STRICT_OBJC_MSGSEND = YES;
				ENABLE_TESTABILITY = YES;
				ENABLE_USER_SCRIPT_SANDBOXING = YES;
				GCC_C_LANGUAGE_STANDARD = gnu17;
				GCC_DYNAMIC_NO_PIC = NO;
				GCC_NO_COMMON_BLOCKS = YES;
				GCC_OPTIMIZATION_LEVEL = 0;
				GCC_PREPROCESSOR_DEFINITIONS = (
					"DEBUG=1",
					"$(inherited)",
				);
				GCC_WARN_64_TO_32_BIT_CONVERSION = YES;
				GCC_WARN_ABOUT_RETURN_TYPE = YES_ERROR;
				GCC_WARN_UNDECLARED_SELECTOR = YES;
				GCC_WARN_UNINITIALIZED_AUTOS = YES_AGGRESSIVE;
				GCC_WARN_UNUSED_FUNCTION = YES;
				GCC_WARN_UNUSED_VARIABLE = YES;
				IPHONEOS_DEPLOYMENT_TARGET = 15.6;
				LOCALIZATION_PREFERS_STRING_CATALOGS = YES;
				MTL_ENABLE_DEBUG_INFO = INCLUDE_SOURCE;
				MTL_FAST_MATH = YES;
				ONLY_ACTIVE_ARCH = YES;
				SDKROOT = iphoneos;
			};
			name = Debug;
		};
		5D4AD3282CFC462E00ED0A28 /* Release */ = {
			isa = XCBuildConfiguration;
			buildSettings = {
				ALWAYS_SEARCH_USER_PATHS = NO;
				ASSETCATALOG_COMPILER_GENERATE_SWIFT_ASSET_SYMBOL_EXTENSIONS = YES;
				CLANG_ANALYZER_NONNULL = YES;
				CLANG_ANALYZER_NUMBER_OBJECT_CONVERSION = YES_AGGRESSIVE;
				CLANG_CXX_LANGUAGE_STANDARD = "gnu++20";
				CLANG_ENABLE_MODULES = YES;
				CLANG_ENABLE_OBJC_ARC = YES;
				CLANG_ENABLE_OBJC_WEAK = YES;
				CLANG_WARN_BLOCK_CAPTURE_AUTORELEASING = YES;
				CLANG_WARN_BOOL_CONVERSION = YES;
				CLANG_WARN_COMMA = YES;
				CLANG_WARN_CONSTANT_CONVERSION = YES;
				CLANG_WARN_DEPRECATED_OBJC_IMPLEMENTATIONS = YES;
				CLANG_WARN_DIRECT_OBJC_ISA_USAGE = YES_ERROR;
				CLANG_WARN_DOCUMENTATION_COMMENTS = YES;
				CLANG_WARN_EMPTY_BODY = YES;
				CLANG_WARN_ENUM_CONVERSION = YES;
				CLANG_WARN_INFINITE_RECURSION = YES;
				CLANG_WARN_INT_CONVERSION = YES;
				CLANG_WARN_NON_LITERAL_NULL_CONVERSION = YES;
				CLANG_WARN_OBJC_IMPLICIT_RETAIN_SELF = YES;
				CLANG_WARN_OBJC_LITERAL_CONVERSION = YES;
				CLANG_WARN_OBJC_ROOT_CLASS = YES_ERROR;
				CLANG_WARN_QUOTED_INCLUDE_IN_FRAMEWORK_HEADER = YES;
				CLANG_WARN_RANGE_LOOP_ANALYSIS = YES;
				CLANG_WARN_STRICT_PROTOTYPES = YES;
				CLANG_WARN_SUSPICIOUS_MOVE = YES;
				CLANG_WARN_UNGUARDED_AVAILABILITY = YES_AGGRESSIVE;
				CLANG_WARN_UNREACHABLE_CODE = YES;
				CLANG_WARN__DUPLICATE_METHOD_MATCH = YES;
				COPY_PHASE_STRIP = NO;
				DEBUG_INFORMATION_FORMAT = "dwarf-with-dsym";
				ENABLE_NS_ASSERTIONS = NO;
				ENABLE_STRICT_OBJC_MSGSEND = YES;
				ENABLE_USER_SCRIPT_SANDBOXING = YES;
				GCC_C_LANGUAGE_STANDARD = gnu17;
				GCC_NO_COMMON_BLOCKS = YES;
				GCC_WARN_64_TO_32_BIT_CONVERSION = YES;
				GCC_WARN_ABOUT_RETURN_TYPE = YES_ERROR;
				GCC_WARN_UNDECLARED_SELECTOR = YES;
				GCC_WARN_UNINITIALIZED_AUTOS = YES_AGGRESSIVE;
				GCC_WARN_UNUSED_FUNCTION = YES;
				GCC_WARN_UNUSED_VARIABLE = YES;
				IPHONEOS_DEPLOYMENT_TARGET = 15.6;
				LOCALIZATION_PREFERS_STRING_CATALOGS = YES;
				MTL_ENABLE_DEBUG_INFO = NO;
				MTL_FAST_MATH = YES;
				SDKROOT = iphoneos;
				VALIDATE_PRODUCT = YES;
			};
			name = Release;
		};
		5D4AD32A2CFC462E00ED0A28 /* Debug */ = {
			isa = XCBuildConfiguration;
			baseConfigurationReference = E2942E278370BCB1101261E4 /* Pods-DemoTests.debug.xcconfig */;
			buildSettings = {
				BUNDLE_LOADER = "$(TEST_HOST)";
				CODE_SIGN_STYLE = Automatic;
				CURRENT_PROJECT_VERSION = 1;
				GENERATE_INFOPLIST_FILE = YES;
				IPHONEOS_DEPLOYMENT_TARGET = 18.1;
				MARKETING_VERSION = 1.0;
				PRODUCT_BUNDLE_IDENTIFIER = com.devzeng.DemoTests;
				PRODUCT_NAME = "$(TARGET_NAME)";
				SWIFT_EMIT_LOC_STRINGS = NO;
				TARGETED_DEVICE_FAMILY = "1,2";
				TEST_HOST = "$(BUILT_PRODUCTS_DIR)/Demo.app/$(BUNDLE_EXECUTABLE_FOLDER_PATH)/Demo";
			};
			name = Debug;
		};
		5D4AD32B2CFC462E00ED0A28 /* Release */ = {
			isa = XCBuildConfiguration;
			baseConfigurationReference = F02ADDE0E5A4EE9BDF6C065F /* Pods-DemoTests.release.xcconfig */;
			buildSettings = {
				BUNDLE_LOADER = "$(TEST_HOST)";
				CODE_SIGN_STYLE = Automatic;
				CURRENT_PROJECT_VERSION = 1;
				GENERATE_INFOPLIST_FILE = YES;
				IPHONEOS_DEPLOYMENT_TARGET = 18.1;
				MARKETING_VERSION = 1.0;
				PRODUCT_BUNDLE_IDENTIFIER = com.devzeng.DemoTests;
				PRODUCT_NAME = "$(TARGET_NAME)";
				SWIFT_EMIT_LOC_STRINGS = NO;
				TARGETED_DEVICE_FAMILY = "1,2";
				TEST_HOST = "$(BUILT_PRODUCTS_DIR)/Demo.app/$(BUNDLE_EXECUTABLE_FOLDER_PATH)/Demo";
			};
			name = Release;
		};
		5D4AD32D2CFC462E00ED0A28 /* Debug */ = {
			isa = XCBuildConfiguration;
			baseConfigurationReference = 28E5E2EF40D3FCDBB5045A32 /* Pods-Demo-DemoUITests.debug.xcconfig */;
			buildSettings = {
				CODE_SIGN_STYLE = Automatic;
				CURRENT_PROJECT_VERSION = 1;
				GENERATE_INFOPLIST_FILE = YES;
				MARKETING_VERSION = 1.0;
				PRODUCT_BUNDLE_IDENTIFIER = com.devzeng.DemoUITests;
				PRODUCT_NAME = "$(TARGET_NAME)";
				SWIFT_EMIT_LOC_STRINGS = NO;
				TARGETED_DEVICE_FAMILY = "1,2";
				TEST_TARGET_NAME = Demo;
			};
			name = Debug;
		};
		5D4AD32E2CFC462E00ED0A28 /* Release */ = {
			isa = XCBuildConfiguration;
			baseConfigurationReference = 165E9417C0F844B9FBD80506 /* Pods-Demo-DemoUITests.release.xcconfig */;
			buildSettings = {
				CODE_SIGN_STYLE = Automatic;
				CURRENT_PROJECT_VERSION = 1;
				GENERATE_INFOPLIST_FILE = YES;
				MARKETING_VERSION = 1.0;
				PRODUCT_BUNDLE_IDENTIFIER = com.devzeng.DemoUITests;
				PRODUCT_NAME = "$(TARGET_NAME)";
				SWIFT_EMIT_LOC_STRINGS = NO;
				TARGETED_DEVICE_FAMILY = "1,2";
				TEST_TARGET_NAME = Demo;
			};
			name = Release;
		};
/* End XCBuildConfiguration section */

/* Begin XCConfigurationList section */
		5D4AD2F12CFC462D00ED0A28 /* Build configuration list for PBXProject "Demo" */ = {
			isa = XCConfigurationList;
			buildConfigurations = (
				5D4AD3272CFC462E00ED0A28 /* Debug */,
				5D4AD3282CFC462E00ED0A28 /* Release */,
			);
			defaultConfigurationIsVisible = 0;
			defaultConfigurationName = Release;
		};
		5D4AD3242CFC462E00ED0A28 /* Build configuration list for PBXNativeTarget "Demo" */ = {
			isa = XCConfigurationList;
			buildConfigurations = (
				5D4AD3252CFC462E00ED0A28 /* Debug */,
				5D4AD3262CFC462E00ED0A28 /* Release */,
			);
			defaultConfigurationIsVisible = 0;
			defaultConfigurationName = Release;
		};
		5D4AD3292CFC462E00ED0A28 /* Build configuration list for PBXNativeTarget "DemoTests" */ = {
			isa = XCConfigurationList;
			buildConfigurations = (
				5D4AD32A2CFC462E00ED0A28 /* Debug */,
				5D4AD32B2CFC462E00ED0A28 /* Release */,
			);
			defaultConfigurationIsVisible = 0;
			defaultConfigurationName = Release;
		};
		5D4AD32C2CFC462E00ED0A28 /* Build configuration list for PBXNativeTarget "DemoUITests" */ = {
			isa = XCConfigurationList;
			buildConfigurations = (
				5D4AD32D2CFC462E00ED0A28 /* Debug */,
				5D4AD32E2CFC462E00ED0A28 /* Release */,
			);
			defaultConfigurationIsVisible = 0;
			defaultConfigurationName = Release;
		};
/* End XCConfigurationList section */
	};
	rootObject = 5D4AD2EE2CFC462D00ED0A28 /* Project object */;
}
